
Microsoft Visual Studio Solution File, Format Version 12.00
# Visual Studio Version 16
VisualStudioVersion = 16.0.28803.156
MinimumVisualStudioVersion = 10.0.40219.1
Project("{FAE04EC0-301F-11D3-BF4B-00C04F79EFBC}") = "MyAIWebSite", "MyAIWebSite\MyAIWebSite.csproj", "{FCB4C213-F61D-46BA-9F9A-76AD449B13A2}"
EndProject
Global
	GlobalSection(SolutionConfigurationPlatforms) = preSolution
		Debug|Any CPU = Debug|Any CPU
		Release|Any CPU = Release|Any CPU
	EndGlobalSection
	GlobalSection(ProjectConfigurationPlatforms) = postSolution
		{FCB4C213-F61D-46BA-9F9A-76AD449B13A2}.Debug|Any CPU.ActiveCfg = Debug|Any CPU
		{FCB4C213-F61D-46BA-9F9A-76AD449B13A2}.Debug|Any CPU.Build.0 = Debug|Any CPU
		{FCB4C213-F61D-46BA-9F9A-76AD449B13A2}.Release|Any CPU.ActiveCfg = Release|Any CPU
		{FCB4C213-F61D-46BA-9F9A-76AD449B13A2}.Release|Any CPU.Build.0 = Release|Any CPU
	EndGlobalSection
	GlobalSection(SolutionProperties) = preSolution
		HideSolutionNode = FALSE
	EndGlobalSection
	GlobalSection(ExtensibilityGlobals) = postSolution
		SolutionGuid = {CFB25E1E-7B40-4D13-9F7B-F72B00EB1E86}
	EndGlobalSection
EndGlobal
